// !$*UTF8*$!
{
	archiveVersion = 1;
	classes = {
	};
	objectVersion = 55;
	objects = {

/* Begin PBXBuildFile section */
		426AD04B27F03E1E00F420D4 /* AppDelegate.swift in Sources */ = {isa = PBXBuildFile; fileRef = 426AD04A27F03E1E00F420D4 /* AppDelegate.swift */; };
		426AD04D27F03E1E00F420D4 /* SceneDelegate.swift in Sources */ = {isa = PBXBuildFile; fileRef = 426AD04C27F03E1E00F420D4 /* SceneDelegate.swift */; };
		426AD05227F03E1E00F420D4 /* Main.storyboard in Resources */ = {isa = PBXBuildFile; fileRef = 426AD05027F03E1E00F420D4 /* Main.storyboard */; };
		426AD05427F03E1F00F420D4 /* Assets.xcassets in Resources */ = {isa = PBXBuildFile; fileRef = 426AD05327F03E1F00F420D4 /* Assets.xcassets */; };
		426AD05727F03E1F00F420D4 /* LaunchScreen.storyboard in Resources */ = {isa = PBXBuildFile; fileRef = 426AD05527F03E1F00F420D4 /* LaunchScreen.storyboard */; };
		426AD06327F047A900F420D4 /* FirebaseAnalytics in Frameworks */ = {isa = PBXBuildFile; productRef = 426AD06227F047A900F420D4 /* FirebaseAnalytics */; };
		426AD06527F047A900F420D4 /* FirebaseAuth in Frameworks */ = {isa = PBXBuildFile; productRef = 426AD06427F047A900F420D4 /* FirebaseAuth */; };
		426AD06727F047A900F420D4 /* FirebaseFirestore in Frameworks */ = {isa = PBXBuildFile; productRef = 426AD06627F047A900F420D4 /* FirebaseFirestore */; };
		426AD06927F047A900F420D4 /* FirebaseStorage in Frameworks */ = {isa = PBXBuildFile; productRef = 426AD06827F047A900F420D4 /* FirebaseStorage */; };
		426AD06B27F04A5E00F420D4 /* CategoryCollectionViewController.swift in Sources */ = {isa = PBXBuildFile; fileRef = 426AD06A27F04A5E00F420D4 /* CategoryCollectionViewController.swift */; };
		426AD06E27F04AF600F420D4 /* CategoryCollectionViewCell.swift in Sources */ = {isa = PBXBuildFile; fileRef = 426AD06D27F04AF600F420D4 /* CategoryCollectionViewCell.swift */; };
		426AD07027F04C2400F420D4 /* GoogleService-Info.plist in Resources */ = {isa = PBXBuildFile; fileRef = 426AD06F27F04C2300F420D4 /* GoogleService-Info.plist */; };
		426AD07227F04D6B00F420D4 /* FirebaseCollectionReference.swift in Sources */ = {isa = PBXBuildFile; fileRef = 426AD07127F04D6B00F420D4 /* FirebaseCollectionReference.swift */; };
		426AD07527F04E9C00F420D4 /* Category.swift in Sources */ = {isa = PBXBuildFile; fileRef = 426AD07427F04E9C00F420D4 /* Category.swift */; };
		426AD07727F0502A00F420D4 /* Constants.swift in Sources */ = {isa = PBXBuildFile; fileRef = 426AD07627F0502A00F420D4 /* Constants.swift */; };
		426AD07927F06FE700F420D4 /* ItemsTableViewController.swift in Sources */ = {isa = PBXBuildFile; fileRef = 426AD07827F06FE700F420D4 /* ItemsTableViewController.swift */; };
		426AD07B27F075B600F420D4 /* Item.swift in Sources */ = {isa = PBXBuildFile; fileRef = 426AD07A27F075B600F420D4 /* Item.swift */; };
		426AD07D27F09C0400F420D4 /* AddItemViewController.swift in Sources */ = {isa = PBXBuildFile; fileRef = 426AD07C27F09C0400F420D4 /* AddItemViewController.swift */; };
/* End PBXBuildFile section */

/* Begin PBXFileReference section */
		426AD04727F03E1E00F420D4 /* Shop.app */ = {isa = PBXFileReference; explicitFileType = wrapper.application; includeInIndex = 0; path = Shop.app; sourceTree = BUILT_PRODUCTS_DIR; };
		426AD04A27F03E1E00F420D4 /* AppDelegate.swift */ = {isa = PBXFileReference; lastKnownFileType = sourcecode.swift; path = AppDelegate.swift; sourceTree = "<group>"; };
		426AD04C27F03E1E00F420D4 /* SceneDelegate.swift */ = {isa = PBXFileReference; lastKnownFileType = sourcecode.swift; path = SceneDelegate.swift; sourceTree = "<group>"; };
		426AD05127F03E1E00F420D4 /* Base */ = {isa = PBXFileReference; lastKnownFileType = file.storyboard; name = Base; path = Base.lproj/Main.storyboard; sourceTree = "<group>"; };
		426AD05327F03E1F00F420D4 /* Assets.xcassets */ = {isa = PBXFileReference; lastKnownFileType = folder.assetcatalog; path = Assets.xcassets; sourceTree = "<group>"; };
		426AD05627F03E1F00F420D4 /* Base */ = {isa = PBXFileReference; lastKnownFileType = file.storyboard; name = Base; path = Base.lproj/LaunchScreen.storyboard; sourceTree = "<group>"; };
		426AD05827F03E1F00F420D4 /* Info.plist */ = {isa = PBXFileReference; lastKnownFileType = text.plist.xml; path = Info.plist; sourceTree = "<group>"; };
		426AD06A27F04A5E00F420D4 /* CategoryCollectionViewController.swift */ = {isa = PBXFileReference; lastKnownFileType = sourcecode.swift; path = CategoryCollectionViewController.swift; sourceTree = "<group>"; };
		426AD06D27F04AF600F420D4 /* CategoryCollectionViewCell.swift */ = {isa = PBXFileReference; lastKnownFileType = sourcecode.swift; path = CategoryCollectionViewCell.swift; sourceTree = "<group>"; };
		426AD06F27F04C2300F420D4 /* GoogleService-Info.plist */ = {isa = PBXFileReference; fileEncoding = 4; lastKnownFileType = text.plist.xml; path = "GoogleService-Info.plist"; sourceTree = "<group>"; };
		426AD07127F04D6B00F420D4 /* FirebaseCollectionReference.swift */ = {isa = PBXFileReference; lastKnownFileType = sourcecode.swift; path = FirebaseCollectionReference.swift; sourceTree = "<group>"; };
		426AD07427F04E9C00F420D4 /* Category.swift */ = {isa = PBXFileReference; lastKnownFileType = sourcecode.swift; path = Category.swift; sourceTree = "<group>"; };
		426AD07627F0502A00F420D4 /* Constants.swift */ = {isa = PBXFileReference; lastKnownFileType = sourcecode.swift; path = Constants.swift; sourceTree = "<group>"; };
		426AD07827F06FE700F420D4 /* ItemsTableViewController.swift */ = {isa = PBXFileReference; lastKnownFileType = sourcecode.swift; path = ItemsTableViewController.swift; sourceTree = "<group>"; };
		426AD07A27F075B600F420D4 /* Item.swift */ = {isa = PBXFileReference; lastKnownFileType = sourcecode.swift; path = Item.swift; sourceTree = "<group>"; };
		426AD07C27F09C0400F420D4 /* AddItemViewController.swift */ = {isa = PBXFileReference; lastKnownFileType = sourcecode.swift; path = AddItemViewController.swift; sourceTree = "<group>"; };
/* End PBXFileReference section */

/* Begin PBXFrameworksBuildPhase section */
		426AD04427F03E1E00F420D4 /* Frameworks */ = {
			isa = PBXFrameworksBuildPhase;
			buildActionMask = 2147483647;
			files = (
				426AD06327F047A900F420D4 /* FirebaseAnalytics in Frameworks */,
				426AD06927F047A900F420D4 /* FirebaseStorage in Frameworks */,
				426AD06527F047A900F420D4 /* FirebaseAuth in Frameworks */,
				426AD06727F047A900F420D4 /* FirebaseFirestore in Frameworks */,
			);
			runOnlyForDeploymentPostprocessing = 0;
		};
/* End PBXFrameworksBuildPhase section */

/* Begin PBXGroup section */
		426AD03E27F03E1E00F420D4 = {
			isa = PBXGroup;
			children = (
				426AD04927F03E1E00F420D4 /* Shop */,
				426AD04827F03E1E00F420D4 /* Products */,
			);
			sourceTree = "<group>";
		};
		426AD04827F03E1E00F420D4 /* Products */ = {
			isa = PBXGroup;
			children = (
				426AD04727F03E1E00F420D4 /* Shop.app */,
			);
			name = Products;
			sourceTree = "<group>";
		};
		426AD04927F03E1E00F420D4 /* Shop */ = {
			isa = PBXGroup;
			children = (
				426AD07327F04E5B00F420D4 /* Helpers */,
				426AD05E27F03E2C00F420D4 /* Model */,
				426AD06C27F04AC400F420D4 /* Custom Cells */,
				426AD05F27F03E3300F420D4 /* View */,
				426AD06027F03E3900F420D4 /* Controller */,
				426AD04A27F03E1E00F420D4 /* AppDelegate.swift */,
				426AD04C27F03E1E00F420D4 /* SceneDelegate.swift */,
				426AD05327F03E1F00F420D4 /* Assets.xcassets */,
				426AD05827F03E1F00F420D4 /* Info.plist */,
				426AD06F27F04C2300F420D4 /* GoogleService-Info.plist */,
			);
			path = Shop;
			sourceTree = "<group>";
		};
		426AD05E27F03E2C00F420D4 /* Model */ = {
			isa = PBXGroup;
			children = (
				426AD07427F04E9C00F420D4 /* Category.swift */,
				426AD07A27F075B600F420D4 /* Item.swift */,
			);
			path = Model;
			sourceTree = "<group>";
		};
		426AD05F27F03E3300F420D4 /* View */ = {
			isa = PBXGroup;
			children = (
				426AD05027F03E1E00F420D4 /* Main.storyboard */,
				426AD05527F03E1F00F420D4 /* LaunchScreen.storyboard */,
			);
			path = View;
			sourceTree = "<group>";
		};
		426AD06027F03E3900F420D4 /* Controller */ = {
			isa = PBXGroup;
			children = (
				426AD06A27F04A5E00F420D4 /* CategoryCollectionViewController.swift */,
				426AD07827F06FE700F420D4 /* ItemsTableViewController.swift */,
				426AD07C27F09C0400F420D4 /* AddItemViewController.swift */,
			);
			path = Controller;
			sourceTree = "<group>";
		};
		426AD06C27F04AC400F420D4 /* Custom Cells */ = {
			isa = PBXGroup;
			children = (
				426AD06D27F04AF600F420D4 /* CategoryCollectionViewCell.swift */,
			);
			path = "Custom Cells";
			sourceTree = "<group>";
		};
		426AD07327F04E5B00F420D4 /* Helpers */ = {
			isa = PBXGroup;
			children = (
				426AD07127F04D6B00F420D4 /* FirebaseCollectionReference.swift */,
				426AD07627F0502A00F420D4 /* Constants.swift */,
			);
			path = Helpers;
			sourceTree = "<group>";
		};
/* End PBXGroup section */

/* Begin PBXNativeTarget section */
		426AD04627F03E1E00F420D4 /* Shop */ = {
			isa = PBXNativeTarget;
			buildConfigurationList = 426AD05B27F03E1F00F420D4 /* Build configuration list for PBXNativeTarget "Shop" */;
			buildPhases = (
				426AD04327F03E1E00F420D4 /* Sources */,
				426AD04427F03E1E00F420D4 /* Frameworks */,
				426AD04527F03E1E00F420D4 /* Resources */,
			);
			buildRules = (
			);
			dependencies = (
			);
			name = Shop;
			packageProductDependencies = (
				426AD06227F047A900F420D4 /* FirebaseAnalytics */,
				426AD06427F047A900F420D4 /* FirebaseAuth */,
				426AD06627F047A900F420D4 /* FirebaseFirestore */,
				426AD06827F047A900F420D4 /* FirebaseStorage */,
			);
			productName = Shop;
			productReference = 426AD04727F03E1E00F420D4 /* Shop.app */;
			productType = "com.apple.product-type.application";
		};
/* End PBXNativeTarget section */

/* Begin PBXProject section */
		426AD03F27F03E1E00F420D4 /* Project object */ = {
			isa = PBXProject;
			attributes = {
				BuildIndependentTargetsInParallel = 1;
				LastSwiftUpdateCheck = 1330;
				LastUpgradeCheck = 1330;
				TargetAttributes = {
					426AD04627F03E1E00F420D4 = {
						CreatedOnToolsVersion = 13.3;
					};
				};
			};
			buildConfigurationList = 426AD04227F03E1E00F420D4 /* Build configuration list for PBXProject "Shop" */;
			compatibilityVersion = "Xcode 13.0";
			developmentRegion = en;
			hasScannedForEncodings = 0;
			knownRegions = (
				en,
				Base,
			);
			mainGroup = 426AD03E27F03E1E00F420D4;
			packageReferences = (
				426AD06127F047A900F420D4 /* XCRemoteSwiftPackageReference "firebase-ios-sdk" */,
			);
			productRefGroup = 426AD04827F03E1E00F420D4 /* Products */;
			projectDirPath = "";
			projectRoot = "";
			targets = (
				426AD04627F03E1E00F420D4 /* Shop */,
			);
		};
/* End PBXProject section */

/* Begin PBXResourcesBuildPhase section */
		426AD04527F03E1E00F420D4 /* Resources */ = {
			isa = PBXResourcesBuildPhase;
			buildActionMask = 2147483647;
			files = (
				426AD05727F03E1F00F420D4 /* LaunchScreen.storyboard in Resources */,
				426AD07027F04C2400F420D4 /* GoogleService-Info.plist in Resources */,
				426AD05427F03E1F00F420D4 /* Assets.xcassets in Resources */,
				426AD05227F03E1E00F420D4 /* Main.storyboard in Resources */,
			);
			runOnlyForDeploymentPostprocessing = 0;
		};
/* End PBXResourcesBuildPhase section */

/* Begin PBXSourcesBuildPhase section */
		426AD04327F03E1E00F420D4 /* Sources */ = {
			isa = PBXSourcesBuildPhase;
			buildActionMask = 2147483647;
			files = (
				426AD06E27F04AF600F420D4 /* CategoryCollectionViewCell.swift in Sources */,
				426AD07B27F075B600F420D4 /* Item.swift in Sources */,
				426AD04B27F03E1E00F420D4 /* AppDelegate.swift in Sources */,
				426AD07927F06FE700F420D4 /* ItemsTableViewController.swift in Sources */,
				426AD07227F04D6B00F420D4 /* FirebaseCollectionReference.swift in Sources */,
				426AD07D27F09C0400F420D4 /* AddItemViewController.swift in Sources */,
				426AD04D27F03E1E00F420D4 /* SceneDelegate.swift in Sources */,
				426AD07727F0502A00F420D4 /* Constants.swift in Sources */,
				426AD06B27F04A5E00F420D4 /* CategoryCollectionViewController.swift in Sources */,
				426AD07527F04E9C00F420D4 /* Category.swift in Sources */,
			);
			runOnlyForDeploymentPostprocessing = 0;
		};
/* End PBXSourcesBuildPhase section */

/* Begin PBXVariantGroup section */
		426AD05027F03E1E00F420D4 /* Main.storyboard */ = {
			isa = PBXVariantGroup;
			children = (
				426AD05127F03E1E00F420D4 /* Base */,
			);
			name = Main.storyboard;
			sourceTree = "<group>";
		};
		426AD05527F03E1F00F420D4 /* LaunchScreen.storyboard */ = {
			isa = PBXVariantGroup;
			children = (
				426AD05627F03E1F00F420D4 /* Base */,
			);
			name = LaunchScreen.storyboard;
			sourceTree = "<group>";
		};
/* End PBXVariantGroup section */

/* Begin XCBuildConfiguration section */
		426AD05927F03E1F00F420D4 /* Debug */ = {
			isa = XCBuildConfiguration;
			buildSettings = {
				ALWAYS_SEARCH_USER_PATHS = NO;
				CLANG_ANALYZER_NONNULL = YES;
				CLANG_ANALYZER_NUMBER_OBJECT_CONVERSION = YES_AGGRESSIVE;
				CLANG_CXX_LANGUAGE_STANDARD = "gnu++17";
				CLANG_ENABLE_MODULES = YES;
				CLANG_ENABLE_OBJC_ARC = YES;
				CLANG_ENABLE_OBJC_WEAK = YES;
				CLANG_WARN_BLOCK_CAPTURE_AUTORELEASING = YES;
				CLANG_WARN_BOOL_CONVERSION = YES;
				CLANG_WARN_COMMA = YES;
				CLANG_WARN_CONSTANT_CONVERSION = YES;
				CLANG_WARN_DEPRECATED_OBJC_IMPLEMENTATIONS = YES;
				CLANG_WARN_DIRECT_OBJC_ISA_USAGE = YES_ERROR;
				CLANG_WARN_DOCUMENTATION_COMMENTS = YES;
				CLANG_WARN_EMPTY_BODY = YES;
				CLANG_WARN_ENUM_CONVERSION = YES;
				CLANG_WARN_INFINITE_RECURSION = YES;
				CLANG_WARN_INT_CONVERSION = YES;
				CLANG_WARN_NON_LITERAL_NULL_CONVERSION = YES;
				CLANG_WARN_OBJC_IMPLICIT_RETAIN_SELF = YES;
				CLANG_WARN_OBJC_LITERAL_CONVERSION = YES;
				CLANG_WARN_OBJC_ROOT_CLASS = YES_ERROR;
				CLANG_WARN_QUOTED_INCLUDE_IN_FRAMEWORK_HEADER = YES;
				CLANG_WARN_RANGE_LOOP_ANALYSIS = YES;
				CLANG_WARN_STRICT_PROTOTYPES = YES;
				CLANG_WARN_SUSPICIOUS_MOVE = YES;
				CLANG_WARN_UNGUARDED_AVAILABILITY = YES_AGGRESSIVE;
				CLANG_WARN_UNREACHABLE_CODE = YES;
				CLANG_WARN__DUPLICATE_METHOD_MATCH = YES;
				COPY_PHASE_STRIP = NO;
				DEBUG_INFORMATION_FORMAT = dwarf;
				ENABLE_STRICT_OBJC_MSGSEND = YES;
				ENABLE_TESTABILITY = YES;
				GCC_C_LANGUAGE_STANDARD = gnu11;
				GCC_DYNAMIC_NO_PIC = NO;
				GCC_NO_COMMON_BLOCKS = YES;
				GCC_OPTIMIZATION_LEVEL = 0;
				GCC_PREPROCESSOR_DEFINITIONS = (
					"DEBUG=1",
					"$(inherited)",
				);
				GCC_WARN_64_TO_32_BIT_CONVERSION = YES;
				GCC_WARN_ABOUT_RETURN_TYPE = YES_ERROR;
				GCC_WARN_UNDECLARED_SELECTOR = YES;
				GCC_WARN_UNINITIALIZED_AUTOS = YES_AGGRESSIVE;
				GCC_WARN_UNUSED_FUNCTION = YES;
				GCC_WARN_UNUSED_VARIABLE = YES;
				IPHONEOS_DEPLOYMENT_TARGET = 15.4;
				MTL_ENABLE_DEBUG_INFO = INCLUDE_SOURCE;
				MTL_FAST_MATH = YES;
				ONLY_ACTIVE_ARCH = YES;
				SDKROOT = iphoneos;
				SWIFT_ACTIVE_COMPILATION_CONDITIONS = DEBUG;
				SWIFT_OPTIMIZATION_LEVEL = "-Onone";
			};
			name = Debug;
		};
		426AD05A27F03E1F00F420D4 /* Release */ = {
			isa = XCBuildConfiguration;
			buildSettings = {
				ALWAYS_SEARCH_USER_PATHS = NO;
				CLANG_ANALYZER_NONNULL = YES;
				CLANG_ANALYZER_NUMBER_OBJECT_CONVERSION = YES_AGGRESSIVE;
				CLANG_CXX_LANGUAGE_STANDARD = "gnu++17";
				CLANG_ENABLE_MODULES = YES;
				CLANG_ENABLE_OBJC_ARC = YES;
				CLANG_ENABLE_OBJC_WEAK = YES;
				CLANG_WARN_BLOCK_CAPTURE_AUTORELEASING = YES;
				CLANG_WARN_BOOL_CONVERSION = YES;
				CLANG_WARN_COMMA = YES;
				CLANG_WARN_CONSTANT_CONVERSION = YES;
				CLANG_WARN_DEPRECATED_OBJC_IMPLEMENTATIONS = YES;
				CLANG_WARN_DIRECT_OBJC_ISA_USAGE = YES_ERROR;
				CLANG_WARN_DOCUMENTATION_COMMENTS = YES;
				CLANG_WARN_EMPTY_BODY = YES;
				CLANG_WARN_ENUM_CONVERSION = YES;
				CLANG_WARN_INFINITE_RECURSION = YES;
				CLANG_WARN_INT_CONVERSION = YES;
				CLANG_WARN_NON_LITERAL_NULL_CONVERSION = YES;
				CLANG_WARN_OBJC_IMPLICIT_RETAIN_SELF = YES;
				CLANG_WARN_OBJC_LITERAL_CONVERSION = YES;
				CLANG_WARN_OBJC_ROOT_CLASS = YES_ERROR;
				CLANG_WARN_QUOTED_INCLUDE_IN_FRAMEWORK_HEADER = YES;
				CLANG_WARN_RANGE_LOOP_ANALYSIS = YES;
				CLANG_WARN_STRICT_PROTOTYPES = YES;
				CLANG_WARN_SUSPICIOUS_MOVE = YES;
				CLANG_WARN_UNGUARDED_AVAILABILITY = YES_AGGRESSIVE;
				CLANG_WARN_UNREACHABLE_CODE = YES;
				CLANG_WARN__DUPLICATE_METHOD_MATCH = YES;
				COPY_PHASE_STRIP = NO;
				DEBUG_INFORMATION_FORMAT = "dwarf-with-dsym";
				ENABLE_NS_ASSERTIONS = NO;
				ENABLE_STRICT_OBJC_MSGSEND = YES;
				GCC_C_LANGUAGE_STANDARD = gnu11;
				GCC_NO_COMMON_BLOCKS = YES;
				GCC_WARN_64_TO_32_BIT_CONVERSION = YES;
				GCC_WARN_ABOUT_RETURN_TYPE = YES_ERROR;
				GCC_WARN_UNDECLARED_SELECTOR = YES;
				GCC_WARN_UNINITIALIZED_AUTOS = YES_AGGRESSIVE;
				GCC_WARN_UNUSED_FUNCTION = YES;
				GCC_WARN_UNUSED_VARIABLE = YES;
				IPHONEOS_DEPLOYMENT_TARGET = 15.4;
				MTL_ENABLE_DEBUG_INFO = NO;
				MTL_FAST_MATH = YES;
				SDKROOT = iphoneos;
				SWIFT_COMPILATION_MODE = wholemodule;
				SWIFT_OPTIMIZATION_LEVEL = "-O";
				VALIDATE_PRODUCT = YES;
			};
			name = Release;
		};
		426AD05C27F03E1F00F420D4 /* Debug */ = {
			isa = XCBuildConfiguration;
			buildSettings = {
				ASSETCATALOG_COMPILER_APPICON_NAME = AppIcon;
				ASSETCATALOG_COMPILER_GLOBAL_ACCENT_COLOR_NAME = AccentColor;
				CODE_SIGN_STYLE = Automatic;
				CURRENT_PROJECT_VERSION = 1;
				DEVELOPMENT_TEAM = LJ87H7HMY5;
				GENERATE_INFOPLIST_FILE = YES;
				INFOPLIST_FILE = Shop/Info.plist;
				INFOPLIST_KEY_UIApplicationSupportsIndirectInputEvents = YES;
				INFOPLIST_KEY_UILaunchStoryboardName = LaunchScreen;
				INFOPLIST_KEY_UIMainStoryboardFile = Main;
				INFOPLIST_KEY_UISupportedInterfaceOrientations_iPad = "UIInterfaceOrientationPortrait UIInterfaceOrientationPortraitUpsideDown UIInterfaceOrientationLandscapeLeft UIInterfaceOrientationLandscapeRight";
				INFOPLIST_KEY_UISupportedInterfaceOrientations_iPhone = "UIInterfaceOrientationPortrait UIInterfaceOrientationLandscapeLeft UIInterfaceOrientationLandscapeRight";
				LD_RUNPATH_SEARCH_PATHS = (
					"$(inherited)",
					"@executable_path/Frameworks",
				);
				MARKETING_VERSION = 1.0;
				PRODUCT_BUNDLE_IDENTIFIER = com.mohsinayub.Shop;
				PRODUCT_NAME = "$(TARGET_NAME)";
				SWIFT_EMIT_LOC_STRINGS = YES;
				SWIFT_VERSION = 5.0;
				TARGETED_DEVICE_FAMILY = "1,2";
			};
			name = Debug;
		};
		426AD05D27F03E1F00F420D4 /* Release */ = {
			isa = XCBuildConfiguration;
			buildSettings = {
				ASSETCATALOG_COMPILER_APPICON_NAME = AppIcon;
				ASSETCATALOG_COMPILER_GLOBAL_ACCENT_COLOR_NAME = AccentColor;
				CODE_SIGN_STYLE = Automatic;
				CURRENT_PROJECT_VERSION = 1;
				DEVELOPMENT_TEAM = LJ87H7HMY5;
				GENERATE_INFOPLIST_FILE = YES;
				INFOPLIST_FILE = Shop/Info.plist;
				INFOPLIST_KEY_UIApplicationSupportsIndirectInputEvents = YES;
				INFOPLIST_KEY_UILaunchStoryboardName = LaunchScreen;
				INFOPLIST_KEY_UIMainStoryboardFile = Main;
				INFOPLIST_KEY_UISupportedInterfaceOrientations_iPad = "UIInterfaceOrientationPortrait UIInterfaceOrientationPortraitUpsideDown UIInterfaceOrientationLandscapeLeft UIInterfaceOrientationLandscapeRight";
				INFOPLIST_KEY_UISupportedInterfaceOrientations_iPhone = "UIInterfaceOrientationPortrait UIInterfaceOrientationLandscapeLeft UIInterfaceOrientationLandscapeRight";
				LD_RUNPATH_SEARCH_PATHS = (
					"$(inherited)",
					"@executable_path/Frameworks",
				);
				MARKETING_VERSION = 1.0;
				PRODUCT_BUNDLE_IDENTIFIER = com.mohsinayub.Shop;
				PRODUCT_NAME = "$(TARGET_NAME)";
				SWIFT_EMIT_LOC_STRINGS = YES;
				SWIFT_VERSION = 5.0;
				TARGETED_DEVICE_FAMILY = "1,2";
			};
			name = Release;
		};
/* End XCBuildConfiguration section */

/* Begin XCConfigurationList section */
		426AD04227F03E1E00F420D4 /* Build configuration list for PBXProject "Shop" */ = {
			isa = XCConfigurationList;
			buildConfigurations = (
				426AD05927F03E1F00F420D4 /* Debug */,
				426AD05A27F03E1F00F420D4 /* Release */,
			);
			defaultConfigurationIsVisible = 0;
			defaultConfigurationName = Release;
		};
		426AD05B27F03E1F00F420D4 /* Build configuration list for PBXNativeTarget "Shop" */ = {
			isa = XCConfigurationList;
			buildConfigurations = (
				426AD05C27F03E1F00F420D4 /* Debug */,
				426AD05D27F03E1F00F420D4 /* Release */,
			);
			defaultConfigurationIsVisible = 0;
			defaultConfigurationName = Release;
		};
/* End XCConfigurationList section */

/* Begin XCRemoteSwiftPackageReference section */
		426AD06127F047A900F420D4 /* XCRemoteSwiftPackageReference "firebase-ios-sdk" */ = {
			isa = XCRemoteSwiftPackageReference;
			repositoryURL = "https://github.com/firebase/firebase-ios-sdk";
			requirement = {
				kind = upToNextMajorVersion;
				minimumVersion = 8.0.0;
			};
		};
/* End XCRemoteSwiftPackageReference section */

/* Begin XCSwiftPackageProductDependency section */
		426AD06227F047A900F420D4 /* FirebaseAnalytics */ = {
			isa = XCSwiftPackageProductDependency;
			package = 426AD06127F047A900F420D4 /* XCRemoteSwiftPackageReference "firebase-ios-sdk" */;
			productName = FirebaseAnalytics;
		};
		426AD06427F047A900F420D4 /* FirebaseAuth */ = {
			isa = XCSwiftPackageProductDependency;
			package = 426AD06127F047A900F420D4 /* XCRemoteSwiftPackageReference "firebase-ios-sdk" */;
			productName = FirebaseAuth;
		};
		426AD06627F047A900F420D4 /* FirebaseFirestore */ = {
			isa = XCSwiftPackageProductDependency;
			package = 426AD06127F047A900F420D4 /* XCRemoteSwiftPackageReference "firebase-ios-sdk" */;
			productName = FirebaseFirestore;
		};
		426AD06827F047A900F420D4 /* FirebaseStorage */ = {
			isa = XCSwiftPackageProductDependency;
			package = 426AD06127F047A900F420D4 /* XCRemoteSwiftPackageReference "firebase-ios-sdk" */;
			productName = FirebaseStorage;
		};
/* End XCSwiftPackageProductDependency section */
	};
	rootObject = 426AD03F27F03E1E00F420D4 /* Project object */;
}
